
Microsoft Visual Studio Solution File, Format Version 12.00
# Visual Studio 15
VisualStudioVersion = 15.0.26430.16
MinimumVisualStudioVersion = 10.0.40219.1
Project("{D954291E-2A0B-460D-934E-DC6B0785DB48}") = "EAMmobile", "EAMmobile\EAMmobile\EAMmobile.shproj", "{7802F23B-B9A3-4CF3-AFA4-0AFFD548CC7D}"
EndProject
Project("{FAE04EC0-301F-11D3-BF4B-00C04F79EFBC}") = "EAMmobile.Android", "EAMmobile\EAMmobile.Android\EAMmobile.Android.csproj", "{3F21733C-25B8-4E78-A449-F4DA32EF3E09}"
EndProject
Project("{FAE04EC0-301F-11D3-BF4B-00C04F79EFBC}") = "EAMmobile.iOS", "EAMmobile\EAMmobile.iOS\EAMmobile.iOS.csproj", "{26E2D0E7-4B2A-4E11-AA73-E09B3A51DEFD}"
EndProject
Project("{FAE04EC0-301F-11D3-BF4B-00C04F79EFBC}") = "EAMmobile.UWP", "EAMmobile\EAMmobile.UWP\EAMmobile.UWP.csproj", "{6A8901A5-AF31-4E8C-9511-F4FE3136094B}"
EndProject
Global
	GlobalSection(SharedMSBuildProjectFiles) = preSolution
		EAMmobile\EAMmobile\EAMmobile.projitems*{26e2d0e7-4b2a-4e11-aa73-e09b3a51defd}*SharedItemsImports = 4
		EAMmobile\EAMmobile\EAMmobile.projitems*{3f21733c-25b8-4e78-a449-f4da32ef3e09}*SharedItemsImports = 4
		EAMmobile\EAMmobile\EAMmobile.projitems*{6a8901a5-af31-4e8c-9511-f4fe3136094b}*SharedItemsImports = 4
		EAMmobile\EAMmobile\EAMmobile.projitems*{7802f23b-b9a3-4cf3-afa4-0affd548cc7d}*SharedItemsImports = 13
	EndGlobalSection
	GlobalSection(SolutionConfigurationPlatforms) = preSolution
		Ad-Hoc|Any CPU = Ad-Hoc|Any CPU
		Ad-Hoc|ARM = Ad-Hoc|ARM
		Ad-Hoc|iPhone = Ad-Hoc|iPhone
		Ad-Hoc|iPhoneSimulator = Ad-Hoc|iPhoneSimulator
		Ad-Hoc|x64 = Ad-Hoc|x64
		Ad-Hoc|x86 = Ad-Hoc|x86
		AppStore|Any CPU = AppStore|Any CPU
		AppStore|ARM = AppStore|ARM
		AppStore|iPhone = AppStore|iPhone
		AppStore|iPhoneSimulator = AppStore|iPhoneSimulator
		AppStore|x64 = AppStore|x64
		AppStore|x86 = AppStore|x86
		Debug|Any CPU = Debug|Any CPU
		Debug|ARM = Debug|ARM
		Debug|iPhone = Debug|iPhone
		Debug|iPhoneSimulator = Debug|iPhoneSimulator
		Debug|x64 = Debug|x64
		Debug|x86 = Debug|x86
		Release|Any CPU = Release|Any CPU
		Release|ARM = Release|ARM
		Release|iPhone = Release|iPhone
		Release|iPhoneSimulator = Release|iPhoneSimulator
		Release|x64 = Release|x64
		Release|x86 = Release|x86
	EndGlobalSection
	GlobalSection(ProjectConfigurationPlatforms) = postSolution
		{3F21733C-25B8-4E78-A449-F4DA32EF3E09}.Ad-Hoc|Any CPU.ActiveCfg = Release|Any CPU
		{3F21733C-25B8-4E78-A449-F4DA32EF3E09}.Ad-Hoc|Any CPU.Build.0 = Release|Any CPU
		{3F21733C-25B8-4E78-A449-F4DA32EF3E09}.Ad-Hoc|Any CPU.Deploy.0 = Release|Any CPU
		{3F21733C-25B8-4E78-A449-F4DA32EF3E09}.Ad-Hoc|ARM.ActiveCfg = Release|Any CPU
		{3F21733C-25B8-4E78-A449-F4DA32EF3E09}.Ad-Hoc|ARM.Build.0 = Release|Any CPU
		{3F21733C-25B8-4E78-A449-F4DA32EF3E09}.Ad-Hoc|ARM.Deploy.0 = Release|Any CPU
		{3F21733C-25B8-4E78-A449-F4DA32EF3E09}.Ad-Hoc|iPhone.ActiveCfg = Release|Any CPU
		{3F21733C-25B8-4E78-A449-F4DA32EF3E09}.Ad-Hoc|iPhone.Build.0 = Release|Any CPU
		{3F21733C-25B8-4E78-A449-F4DA32EF3E09}.Ad-Hoc|iPhone.Deploy.0 = Release|Any CPU
		{3F21733C-25B8-4E78-A449-F4DA32EF3E09}.Ad-Hoc|iPhoneSimulator.ActiveCfg = Release|Any CPU
		{3F21733C-25B8-4E78-A449-F4DA32EF3E09}.Ad-Hoc|iPhoneSimulator.Build.0 = Release|Any CPU
		{3F21733C-25B8-4E78-A449-F4DA32EF3E09}.Ad-Hoc|iPhoneSimulator.Deploy.0 = Release|Any CPU
		{3F21733C-25B8-4E78-A449-F4DA32EF3E09}.Ad-Hoc|x64.ActiveCfg = Release|Any CPU
		{3F21733C-25B8-4E78-A449-F4DA32EF3E09}.Ad-Hoc|x64.Build.0 = Release|Any CPU
		{3F21733C-25B8-4E78-A449-F4DA32EF3E09}.Ad-Hoc|x64.Deploy.0 = Release|Any CPU
		{3F21733C-25B8-4E78-A449-F4DA32EF3E09}.Ad-Hoc|x86.ActiveCfg = Release|Any CPU
		{3F21733C-25B8-4E78-A449-F4DA32EF3E09}.Ad-Hoc|x86.Build.0 = Release|Any CPU
		{3F21733C-25B8-4E78-A449-F4DA32EF3E09}.Ad-Hoc|x86.Deploy.0 = Release|Any CPU
		{3F21733C-25B8-4E78-A449-F4DA32EF3E09}.AppStore|Any CPU.ActiveCfg = Release|Any CPU
		{3F21733C-25B8-4E78-A449-F4DA32EF3E09}.AppStore|Any CPU.Build.0 = Release|Any CPU
		{3F21733C-25B8-4E78-A449-F4DA32EF3E09}.AppStore|Any CPU.Deploy.0 = Release|Any CPU
		{3F21733C-25B8-4E78-A449-F4DA32EF3E09}.AppStore|ARM.ActiveCfg = Release|Any CPU
		{3F21733C-25B8-4E78-A449-F4DA32EF3E09}.AppStore|ARM.Build.0 = Release|Any CPU
		{3F21733C-25B8-4E78-A449-F4DA32EF3E09}.AppStore|ARM.Deploy.0 = Release|Any CPU
		{3F21733C-25B8-4E78-A449-F4DA32EF3E09}.AppStore|iPhone.ActiveCfg = Release|Any CPU
		{3F21733C-25B8-4E78-A449-F4DA32EF3E09}.AppStore|iPhone.Build.0 = Release|Any CPU
		{3F21733C-25B8-4E78-A449-F4DA32EF3E09}.AppStore|iPhone.Deploy.0 = Release|Any CPU
		{3F21733C-25B8-4E78-A449-F4DA32EF3E09}.AppStore|iPhoneSimulator.ActiveCfg = Release|Any CPU
		{3F21733C-25B8-4E78-A449-F4DA32EF3E09}.AppStore|iPhoneSimulator.Build.0 = Release|Any CPU
		{3F21733C-25B8-4E78-A449-F4DA32EF3E09}.AppStore|iPhoneSimulator.Deploy.0 = Release|Any CPU
		{3F21733C-25B8-4E78-A449-F4DA32EF3E09}.AppStore|x64.ActiveCfg = Release|Any CPU
		{3F21733C-25B8-4E78-A449-F4DA32EF3E09}.AppStore|x64.Build.0 = Release|Any CPU
		{3F21733C-25B8-4E78-A449-F4DA32EF3E09}.AppStore|x64.Deploy.0 = Release|Any CPU
		{3F21733C-25B8-4E78-A449-F4DA32EF3E09}.AppStore|x86.ActiveCfg = Release|Any CPU
		{3F21733C-25B8-4E78-A449-F4DA32EF3E09}.AppStore|x86.Build.0 = Release|Any CPU
		{3F21733C-25B8-4E78-A449-F4DA32EF3E09}.AppStore|x86.Deploy.0 = Release|Any CPU
		{3F21733C-25B8-4E78-A449-F4DA32EF3E09}.Debug|Any CPU.ActiveCfg = Debug|Any CPU
		{3F21733C-25B8-4E78-A449-F4DA32EF3E09}.Debug|Any CPU.Build.0 = Debug|Any CPU
		{3F21733C-25B8-4E78-A449-F4DA32EF3E09}.Debug|Any CPU.Deploy.0 = Debug|Any CPU
		{3F21733C-25B8-4E78-A449-F4DA32EF3E09}.Debug|ARM.ActiveCfg = Debug|Any CPU
		{3F21733C-25B8-4E78-A449-F4DA32EF3E09}.Debug|ARM.Build.0 = Debug|Any CPU
		{3F21733C-25B8-4E78-A449-F4DA32EF3E09}.Debug|ARM.Deploy.0 = Debug|Any CPU
		{3F21733C-25B8-4E78-A449-F4DA32EF3E09}.Debug|iPhone.ActiveCfg = Debug|Any CPU
		{3F21733C-25B8-4E78-A449-F4DA32EF3E09}.Debug|iPhone.Build.0 = Debug|Any CPU
		{3F21733C-25B8-4E78-A449-F4DA32EF3E09}.Debug|iPhone.Deploy.0 = Debug|Any CPU
		{3F21733C-25B8-4E78-A449-F4DA32EF3E09}.Debug|iPhoneSimulator.ActiveCfg = Debug|Any CPU
		{3F21733C-25B8-4E78-A449-F4DA32EF3E09}.Debug|iPhoneSimulator.Build.0 = Debug|Any CPU
		{3F21733C-25B8-4E78-A449-F4DA32EF3E09}.Debug|iPhoneSimulator.Deploy.0 = Debug|Any CPU
		{3F21733C-25B8-4E78-A449-F4DA32EF3E09}.Debug|x64.ActiveCfg = Debug|Any CPU
		{3F21733C-25B8-4E78-A449-F4DA32EF3E09}.Debug|x64.Build.0 = Debug|Any CPU
		{3F21733C-25B8-4E78-A449-F4DA32EF3E09}.Debug|x64.Deploy.0 = Debug|Any CPU
		{3F21733C-25B8-4E78-A449-F4DA32EF3E09}.Debug|x86.ActiveCfg = Debug|Any CPU
		{3F21733C-25B8-4E78-A449-F4DA32EF3E09}.Debug|x86.Build.0 = Debug|Any CPU
		{3F21733C-25B8-4E78-A449-F4DA32EF3E09}.Debug|x86.Deploy.0 = Debug|Any CPU
		{3F21733C-25B8-4E78-A449-F4DA32EF3E09}.Release|Any CPU.ActiveCfg = Release|Any CPU
		{3F21733C-25B8-4E78-A449-F4DA32EF3E09}.Release|Any CPU.Build.0 = Release|Any CPU
		{3F21733C-25B8-4E78-A449-F4DA32EF3E09}.Release|Any CPU.Deploy.0 = Release|Any CPU
		{3F21733C-25B8-4E78-A449-F4DA32EF3E09}.Release|ARM.ActiveCfg = Release|Any CPU
		{3F21733C-25B8-4E78-A449-F4DA32EF3E09}.Release|ARM.Build.0 = Release|Any CPU
		{3F21733C-25B8-4E78-A449-F4DA32EF3E09}.Release|ARM.Deploy.0 = Release|Any CPU
		{3F21733C-25B8-4E78-A449-F4DA32EF3E09}.Release|iPhone.ActiveCfg = Release|Any CPU
		{3F21733C-25B8-4E78-A449-F4DA32EF3E09}.Release|iPhone.Build.0 = Release|Any CPU
		{3F21733C-25B8-4E78-A449-F4DA32EF3E09}.Release|iPhone.Deploy.0 = Release|Any CPU
		{3F21733C-25B8-4E78-A449-F4DA32EF3E09}.Release|iPhoneSimulator.ActiveCfg = Release|Any CPU
		{3F21733C-25B8-4E78-A449-F4DA32EF3E09}.Release|iPhoneSimulator.Build.0 = Release|Any CPU
		{3F21733C-25B8-4E78-A449-F4DA32EF3E09}.Release|iPhoneSimulator.Deploy.0 = Release|Any CPU
		{3F21733C-25B8-4E78-A449-F4DA32EF3E09}.Release|x64.ActiveCfg = Release|Any CPU
		{3F21733C-25B8-4E78-A449-F4DA32EF3E09}.Release|x64.Build.0 = Release|Any CPU
		{3F21733C-25B8-4E78-A449-F4DA32EF3E09}.Release|x64.Deploy.0 = Release|Any CPU
		{3F21733C-25B8-4E78-A449-F4DA32EF3E09}.Release|x86.ActiveCfg = Release|Any CPU
		{3F21733C-25B8-4E78-A449-F4DA32EF3E09}.Release|x86.Build.0 = Release|Any CPU
		{3F21733C-25B8-4E78-A449-F4DA32EF3E09}.Release|x86.Deploy.0 = Release|Any CPU
		{26E2D0E7-4B2A-4E11-AA73-E09B3A51DEFD}.Ad-Hoc|Any CPU.ActiveCfg = Ad-Hoc|iPhone
		{26E2D0E7-4B2A-4E11-AA73-E09B3A51DEFD}.Ad-Hoc|ARM.ActiveCfg = Ad-Hoc|iPhone
		{26E2D0E7-4B2A-4E11-AA73-E09B3A51DEFD}.Ad-Hoc|iPhone.ActiveCfg = Ad-Hoc|iPhone
		{26E2D0E7-4B2A-4E11-AA73-E09B3A51DEFD}.Ad-Hoc|iPhone.Build.0 = Ad-Hoc|iPhone
		{26E2D0E7-4B2A-4E11-AA73-E09B3A51DEFD}.Ad-Hoc|iPhoneSimulator.ActiveCfg = Ad-Hoc|iPhoneSimulator
		{26E2D0E7-4B2A-4E11-AA73-E09B3A51DEFD}.Ad-Hoc|iPhoneSimulator.Build.0 = Ad-Hoc|iPhoneSimulator
		{26E2D0E7-4B2A-4E11-AA73-E09B3A51DEFD}.Ad-Hoc|x64.ActiveCfg = Ad-Hoc|iPhone
		{26E2D0E7-4B2A-4E11-AA73-E09B3A51DEFD}.Ad-Hoc|x86.ActiveCfg = Ad-Hoc|iPhone
		{26E2D0E7-4B2A-4E11-AA73-E09B3A51DEFD}.AppStore|Any CPU.ActiveCfg = AppStore|iPhone
		{26E2D0E7-4B2A-4E11-AA73-E09B3A51DEFD}.AppStore|ARM.ActiveCfg = AppStore|iPhone
		{26E2D0E7-4B2A-4E11-AA73-E09B3A51DEFD}.AppStore|iPhone.ActiveCfg = AppStore|iPhone
		{26E2D0E7-4B2A-4E11-AA73-E09B3A51DEFD}.AppStore|iPhone.Build.0 = AppStore|iPhone
		{26E2D0E7-4B2A-4E11-AA73-E09B3A51DEFD}.AppStore|iPhoneSimulator.ActiveCfg = AppStore|iPhoneSimulator
		{26E2D0E7-4B2A-4E11-AA73-E09B3A51DEFD}.AppStore|iPhoneSimulator.Build.0 = AppStore|iPhoneSimulator
		{26E2D0E7-4B2A-4E11-AA73-E09B3A51DEFD}.AppStore|x64.ActiveCfg = AppStore|iPhone
		{26E2D0E7-4B2A-4E11-AA73-E09B3A51DEFD}.AppStore|x86.ActiveCfg = AppStore|iPhone
		{26E2D0E7-4B2A-4E11-AA73-E09B3A51DEFD}.Debug|Any CPU.ActiveCfg = Debug|iPhone
		{26E2D0E7-4B2A-4E11-AA73-E09B3A51DEFD}.Debug|ARM.ActiveCfg = Debug|iPhone
		{26E2D0E7-4B2A-4E11-AA73-E09B3A51DEFD}.Debug|iPhone.ActiveCfg = Debug|iPhone
		{26E2D0E7-4B2A-4E11-AA73-E09B3A51DEFD}.Debug|iPhone.Build.0 = Debug|iPhone
		{26E2D0E7-4B2A-4E11-AA73-E09B3A51DEFD}.Debug|iPhoneSimulator.ActiveCfg = Debug|iPhoneSimulator
		{26E2D0E7-4B2A-4E11-AA73-E09B3A51DEFD}.Debug|iPhoneSimulator.Build.0 = Debug|iPhoneSimulator
		{26E2D0E7-4B2A-4E11-AA73-E09B3A51DEFD}.Debug|x64.ActiveCfg = Debug|iPhone
		{26E2D0E7-4B2A-4E11-AA73-E09B3A51DEFD}.Debug|x86.ActiveCfg = Debug|iPhone
		{26E2D0E7-4B2A-4E11-AA73-E09B3A51DEFD}.Release|Any CPU.ActiveCfg = Release|iPhone
		{26E2D0E7-4B2A-4E11-AA73-E09B3A51DEFD}.Release|ARM.ActiveCfg = Release|iPhone
		{26E2D0E7-4B2A-4E11-AA73-E09B3A51DEFD}.Release|iPhone.ActiveCfg = Release|iPhone
		{26E2D0E7-4B2A-4E11-AA73-E09B3A51DEFD}.Release|iPhone.Build.0 = Release|iPhone
		{26E2D0E7-4B2A-4E11-AA73-E09B3A51DEFD}.Release|iPhoneSimulator.ActiveCfg = Release|iPhoneSimulator
		{26E2D0E7-4B2A-4E11-AA73-E09B3A51DEFD}.Release|iPhoneSimulator.Build.0 = Release|iPhoneSimulator
		{26E2D0E7-4B2A-4E11-AA73-E09B3A51DEFD}.Release|x64.ActiveCfg = Release|iPhone
		{26E2D0E7-4B2A-4E11-AA73-E09B3A51DEFD}.Release|x86.ActiveCfg = Release|iPhone
		{6A8901A5-AF31-4E8C-9511-F4FE3136094B}.Ad-Hoc|Any CPU.ActiveCfg = Release|x86
		{6A8901A5-AF31-4E8C-9511-F4FE3136094B}.Ad-Hoc|Any CPU.Build.0 = Release|x86
		{6A8901A5-AF31-4E8C-9511-F4FE3136094B}.Ad-Hoc|Any CPU.Deploy.0 = Release|x86
		{6A8901A5-AF31-4E8C-9511-F4FE3136094B}.Ad-Hoc|ARM.ActiveCfg = Release|ARM
		{6A8901A5-AF31-4E8C-9511-F4FE3136094B}.Ad-Hoc|ARM.Build.0 = Release|ARM
		{6A8901A5-AF31-4E8C-9511-F4FE3136094B}.Ad-Hoc|ARM.Deploy.0 = Release|ARM
		{6A8901A5-AF31-4E8C-9511-F4FE3136094B}.Ad-Hoc|iPhone.ActiveCfg = Release|x86
		{6A8901A5-AF31-4E8C-9511-F4FE3136094B}.Ad-Hoc|iPhone.Build.0 = Release|x86
		{6A8901A5-AF31-4E8C-9511-F4FE3136094B}.Ad-Hoc|iPhone.Deploy.0 = Release|x86
		{6A8901A5-AF31-4E8C-9511-F4FE3136094B}.Ad-Hoc|iPhoneSimulator.ActiveCfg = Release|x86
		{6A8901A5-AF31-4E8C-9511-F4FE3136094B}.Ad-Hoc|iPhoneSimulator.Build.0 = Release|x86
		{6A8901A5-AF31-4E8C-9511-F4FE3136094B}.Ad-Hoc|iPhoneSimulator.Deploy.0 = Release|x86
		{6A8901A5-AF31-4E8C-9511-F4FE3136094B}.Ad-Hoc|x64.ActiveCfg = Release|x64
		{6A8901A5-AF31-4E8C-9511-F4FE3136094B}.Ad-Hoc|x64.Build.0 = Release|x64
		{6A8901A5-AF31-4E8C-9511-F4FE3136094B}.Ad-Hoc|x64.Deploy.0 = Release|x64
		{6A8901A5-AF31-4E8C-9511-F4FE3136094B}.Ad-Hoc|x86.ActiveCfg = Release|x86
		{6A8901A5-AF31-4E8C-9511-F4FE3136094B}.Ad-Hoc|x86.Build.0 = Release|x86
		{6A8901A5-AF31-4E8C-9511-F4FE3136094B}.Ad-Hoc|x86.Deploy.0 = Release|x86
		{6A8901A5-AF31-4E8C-9511-F4FE3136094B}.AppStore|Any CPU.ActiveCfg = Release|x86
		{6A8901A5-AF31-4E8C-9511-F4FE3136094B}.AppStore|Any CPU.Build.0 = Release|x86
		{6A8901A5-AF31-4E8C-9511-F4FE3136094B}.AppStore|Any CPU.Deploy.0 = Release|x86
		{6A8901A5-AF31-4E8C-9511-F4FE3136094B}.AppStore|ARM.ActiveCfg = Release|ARM
		{6A8901A5-AF31-4E8C-9511-F4FE3136094B}.AppStore|ARM.Build.0 = Release|ARM
		{6A8901A5-AF31-4E8C-9511-F4FE3136094B}.AppStore|ARM.Deploy.0 = Release|ARM
		{6A8901A5-AF31-4E8C-9511-F4FE3136094B}.AppStore|iPhone.ActiveCfg = Release|x86
		{6A8901A5-AF31-4E8C-9511-F4FE3136094B}.AppStore|iPhone.Build.0 = Release|x86
		{6A8901A5-AF31-4E8C-9511-F4FE3136094B}.AppStore|iPhone.Deploy.0 = Release|x86
		{6A8901A5-AF31-4E8C-9511-F4FE3136094B}.AppStore|iPhoneSimulator.ActiveCfg = Release|x86
		{6A8901A5-AF31-4E8C-9511-F4FE3136094B}.AppStore|iPhoneSimulator.Build.0 = Release|x86
		{6A8901A5-AF31-4E8C-9511-F4FE3136094B}.AppStore|iPhoneSimulator.Deploy.0 = Release|x86
		{6A8901A5-AF31-4E8C-9511-F4FE3136094B}.AppStore|x64.ActiveCfg = Release|x64
		{6A8901A5-AF31-4E8C-9511-F4FE3136094B}.AppStore|x64.Build.0 = Release|x64
		{6A8901A5-AF31-4E8C-9511-F4FE3136094B}.AppStore|x64.Deploy.0 = Release|x64
		{6A8901A5-AF31-4E8C-9511-F4FE3136094B}.AppStore|x86.ActiveCfg = Release|x86
		{6A8901A5-AF31-4E8C-9511-F4FE3136094B}.AppStore|x86.Build.0 = Release|x86
		{6A8901A5-AF31-4E8C-9511-F4FE3136094B}.AppStore|x86.Deploy.0 = Release|x86
		{6A8901A5-AF31-4E8C-9511-F4FE3136094B}.Debug|Any CPU.ActiveCfg = Debug|x86
		{6A8901A5-AF31-4E8C-9511-F4FE3136094B}.Debug|ARM.ActiveCfg = Debug|ARM
		{6A8901A5-AF31-4E8C-9511-F4FE3136094B}.Debug|ARM.Build.0 = Debug|ARM
		{6A8901A5-AF31-4E8C-9511-F4FE3136094B}.Debug|ARM.Deploy.0 = Debug|ARM
		{6A8901A5-AF31-4E8C-9511-F4FE3136094B}.Debug|iPhone.ActiveCfg = Debug|x86
		{6A8901A5-AF31-4E8C-9511-F4FE3136094B}.Debug|iPhoneSimulator.ActiveCfg = Debug|x86
		{6A8901A5-AF31-4E8C-9511-F4FE3136094B}.Debug|x64.ActiveCfg = Debug|x64
		{6A8901A5-AF31-4E8C-9511-F4FE3136094B}.Debug|x64.Build.0 = Debug|x64
		{6A8901A5-AF31-4E8C-9511-F4FE3136094B}.Debug|x64.Deploy.0 = Debug|x64
		{6A8901A5-AF31-4E8C-9511-F4FE3136094B}.Debug|x86.ActiveCfg = Debug|x86
		{6A8901A5-AF31-4E8C-9511-F4FE3136094B}.Debug|x86.Build.0 = Debug|x86
		{6A8901A5-AF31-4E8C-9511-F4FE3136094B}.Debug|x86.Deploy.0 = Debug|x86
		{6A8901A5-AF31-4E8C-9511-F4FE3136094B}.Release|Any CPU.ActiveCfg = Release|x86
		{6A8901A5-AF31-4E8C-9511-F4FE3136094B}.Release|ARM.ActiveCfg = Release|ARM
		{6A8901A5-AF31-4E8C-9511-F4FE3136094B}.Release|ARM.Build.0 = Release|ARM
		{6A8901A5-AF31-4E8C-9511-F4FE3136094B}.Release|ARM.Deploy.0 = Release|ARM
		{6A8901A5-AF31-4E8C-9511-F4FE3136094B}.Release|iPhone.ActiveCfg = Release|x86
		{6A8901A5-AF31-4E8C-9511-F4FE3136094B}.Release|iPhoneSimulator.ActiveCfg = Release|x86
		{6A8901A5-AF31-4E8C-9511-F4FE3136094B}.Release|x64.ActiveCfg = Release|x64
		{6A8901A5-AF31-4E8C-9511-F4FE3136094B}.Release|x64.Build.0 = Release|x64
		{6A8901A5-AF31-4E8C-9511-F4FE3136094B}.Release|x64.Deploy.0 = Release|x64
		{6A8901A5-AF31-4E8C-9511-F4FE3136094B}.Release|x86.ActiveCfg = Release|x86
		{6A8901A5-AF31-4E8C-9511-F4FE3136094B}.Release|x86.Build.0 = Release|x86
		{6A8901A5-AF31-4E8C-9511-F4FE3136094B}.Release|x86.Deploy.0 = Release|x86
	EndGlobalSection
	GlobalSection(SolutionProperties) = preSolution
		HideSolutionNode = FALSE
	EndGlobalSection
EndGlobal
